// !$*UTF8*$!
{
	archiveVersion = 1;
	classes = {
	};
	objectVersion = 46;
	objects = {

/* Begin PBXBuildFile section */
		3F1AF68E195875A500FED476 /* SettingsViewController.m in Sources */ = {isa = PBXBuildFile; fileRef = 3F1AF68D195875A500FED476 /* SettingsViewController.m */; };
		3F1AF691195879D900FED476 /* ContactUsViewController.m in Sources */ = {isa = PBXBuildFile; fileRef = 3F1AF690195879D900FED476 /* ContactUsViewController.m */; };
		3F1AF6941958803400FED476 /* NotificationsViewController.m in Sources */ = {isa = PBXBuildFile; fileRef = 3F1AF6931958803400FED476 /* NotificationsViewController.m */; };
		3F1AF6971958809000FED476 /* Group.m in Sources */ = {isa = PBXBuildFile; fileRef = 3F1AF6961958809000FED476 /* Group.m */; };
		3F1AF69A1958812400FED476 /* User.m in Sources */ = {isa = PBXBuildFile; fileRef = 3F1AF6991958812400FED476 /* User.m */; };
		3F1AF69D19588E6E00FED476 /* ManageGroupsViewController.m in Sources */ = {isa = PBXBuildFile; fileRef = 3F1AF69C19588E6E00FED476 /* ManageGroupsViewController.m */; };
		3F1AF6A019589DC700FED476 /* UIView+AutoLayout.m in Sources */ = {isa = PBXBuildFile; fileRef = 3F1AF69F19589DC700FED476 /* UIView+AutoLayout.m */; };
		3F1AF6A31958BFCD00FED476 /* Tester.m in Sources */ = {isa = PBXBuildFile; fileRef = 3F1AF6A21958BFCD00FED476 /* Tester.m */; };
		3F2D8C16195B2184005EB1B8 /* Main_iPhone.storyboard in Resources */ = {isa = PBXBuildFile; fileRef = 3F2D8C15195B2184005EB1B8 /* Main_iPhone.storyboard */; };
		3F3D24171959BC31005B643C /* SignInViewController.m in Sources */ = {isa = PBXBuildFile; fileRef = 3F3D24161959BC31005B643C /* SignInViewController.m */; };
		3F3D241D1959F02D005B643C /* Global.m in Sources */ = {isa = PBXBuildFile; fileRef = 3F3D241C1959F02D005B643C /* Global.m */; };
		3F3F84DA195B044500ED1948 /* QuartzCore.framework in Frameworks */ = {isa = PBXBuildFile; fileRef = 3F3F84D9195B044500ED1948 /* QuartzCore.framework */; };
		3F3F84DD195B046000ED1948 /* CKCalendarView.m in Sources */ = {isa = PBXBuildFile; fileRef = 3F3F84DC195B046000ED1948 /* CKCalendarView.m */; };
		3F3F84E0195B0C2B00ED1948 /* DayViewController.m in Sources */ = {isa = PBXBuildFile; fileRef = 3F3F84DF195B0C2B00ED1948 /* DayViewController.m */; };
		3F7BE7B9195CBD43004C8006 /* DayScrollView.m in Sources */ = {isa = PBXBuildFile; fileRef = 3F7BE7B8195CBD43004C8006 /* DayScrollView.m */; };
		3F883BD51958D16F0064D337 /* GroupTableViewCell.m in Sources */ = {isa = PBXBuildFile; fileRef = 3F883BD41958D16F0064D337 /* GroupTableViewCell.m */; };
		3F883BD81958D1BE0064D337 /* GroupTableView.m in Sources */ = {isa = PBXBuildFile; fileRef = 3F883BD71958D1BE0064D337 /* GroupTableView.m */; };
		3FB313C41955F565001B397E /* Foundation.framework in Frameworks */ = {isa = PBXBuildFile; fileRef = 3FB313C31955F565001B397E /* Foundation.framework */; };
		3FB313C61955F565001B397E /* CoreGraphics.framework in Frameworks */ = {isa = PBXBuildFile; fileRef = 3FB313C51955F565001B397E /* CoreGraphics.framework */; };
		3FB313C81955F565001B397E /* UIKit.framework in Frameworks */ = {isa = PBXBuildFile; fileRef = 3FB313C71955F565001B397E /* UIKit.framework */; };
		3FB313CE1955F565001B397E /* InfoPlist.strings in Resources */ = {isa = PBXBuildFile; fileRef = 3FB313CC1955F565001B397E /* InfoPlist.strings */; };
		3FB313D01955F565001B397E /* main.m in Sources */ = {isa = PBXBuildFile; fileRef = 3FB313CF1955F565001B397E /* main.m */; };
		3FB313D41955F565001B397E /* AppDelegate.m in Sources */ = {isa = PBXBuildFile; fileRef = 3FB313D31955F565001B397E /* AppDelegate.m */; };
		3FB313DA1955F565001B397E /* Main_iPad.storyboard in Resources */ = {isa = PBXBuildFile; fileRef = 3FB313D81955F565001B397E /* Main_iPad.storyboard */; };
		3FB313DD1955F565001B397E /* HomeViewController.m in Sources */ = {isa = PBXBuildFile; fileRef = 3FB313DC1955F565001B397E /* HomeViewController.m */; };
		3FB313DF1955F565001B397E /* Images.xcassets in Resources */ = {isa = PBXBuildFile; fileRef = 3FB313DE1955F565001B397E /* Images.xcassets */; };
		3FB313E61955F565001B397E /* XCTest.framework in Frameworks */ = {isa = PBXBuildFile; fileRef = 3FB313E51955F565001B397E /* XCTest.framework */; };
		3FB313E71955F565001B397E /* Foundation.framework in Frameworks */ = {isa = PBXBuildFile; fileRef = 3FB313C31955F565001B397E /* Foundation.framework */; };
		3FB313E81955F565001B397E /* UIKit.framework in Frameworks */ = {isa = PBXBuildFile; fileRef = 3FB313C71955F565001B397E /* UIKit.framework */; };
		3FB313F01955F565001B397E /* InfoPlist.strings in Resources */ = {isa = PBXBuildFile; fileRef = 3FB313EE1955F565001B397E /* InfoPlist.strings */; };
		3FB313F21955F565001B397E /* Kimball_Union_Academy_PlanbookTests.m in Sources */ = {isa = PBXBuildFile; fileRef = 3FB313F11955F565001B397E /* Kimball_Union_Academy_PlanbookTests.m */; };
		3FB314001955F8B7001B397E /* MyScene.m in Sources */ = {isa = PBXBuildFile; fileRef = 3FB313FF1955F8B7001B397E /* MyScene.m */; };
		3FB314031955FC81001B397E /* MyParticle.sks in Resources */ = {isa = PBXBuildFile; fileRef = 3FB314011955FC81001B397E /* MyParticle.sks */; };
		3FB314041955FC81001B397E /* spark.png in Resources */ = {isa = PBXBuildFile; fileRef = 3FB314021955FC81001B397E /* spark.png */; };
		3FB8C610195A15CB0043995D /* PeriodOld.m in Sources */ = {isa = PBXBuildFile; fileRef = 3FB8C60F195A15CB0043995D /* PeriodOld.m */; };
		3FB8C61D195A26DF0043995D /* MonthViewController.m in Sources */ = {isa = PBXBuildFile; fileRef = 3FB8C61C195A26DF0043995D /* MonthViewController.m */; };
		3FC0EE0C195B6BEC00BDEF33 /* PeriodTableViewCell.m in Sources */ = {isa = PBXBuildFile; fileRef = 3FC0EE0B195B6BEC00BDEF33 /* PeriodTableViewCell.m */; };
		3FC0EE0F195B6C0200BDEF33 /* PeriodTableView.m in Sources */ = {isa = PBXBuildFile; fileRef = 3FC0EE0E195B6C0200BDEF33 /* PeriodTableView.m */; };
		3FEB56E6195C52A300B524C9 /* DayView.m in Sources */ = {isa = PBXBuildFile; fileRef = 3FEB56E5195C52A300B524C9 /* DayView.m */; };
		5C3FE1A019C0CA0A00107735 /* CoreDataLoader.sqlite in Resources */ = {isa = PBXBuildFile; fileRef = 5C3FE19F19C0CA0A00107735 /* CoreDataLoader.sqlite */; };
		5C573EAF19968AB300F4AF3A /* CoreDataHelper.m in Sources */ = {isa = PBXBuildFile; fileRef = 5C573EAE19968AB300F4AF3A /* CoreDataHelper.m */; };
		5C573F03199ABD7A00F4AF3A /* MagicalImportFunctions.m in Sources */ = {isa = PBXBuildFile; fileRef = 5C573EC9199ABD7900F4AF3A /* MagicalImportFunctions.m */; };
		5C573F04199ABD7A00F4AF3A /* NSAttributeDescription+MagicalDataImport.m in Sources */ = {isa = PBXBuildFile; fileRef = 5C573ECB199ABD7900F4AF3A /* NSAttributeDescription+MagicalDataImport.m */; };
		5C573F05199ABD7A00F4AF3A /* NSEntityDescription+MagicalDataImport.m in Sources */ = {isa = PBXBuildFile; fileRef = 5C573ECD199ABD7900F4AF3A /* NSEntityDescription+MagicalDataImport.m */; };
		5C573F06199ABD7A00F4AF3A /* NSNumber+MagicalDataImport.m in Sources */ = {isa = PBXBuildFile; fileRef = 5C573ECF199ABD7900F4AF3A /* NSNumber+MagicalDataImport.m */; };
		5C573F07199ABD7A00F4AF3A /* NSObject+MagicalDataImport.m in Sources */ = {isa = PBXBuildFile; fileRef = 5C573ED1199ABD7900F4AF3A /* NSObject+MagicalDataImport.m */; };
		5C573F08199ABD7A00F4AF3A /* NSRelationshipDescription+MagicalDataImport.m in Sources */ = {isa = PBXBuildFile; fileRef = 5C573ED3199ABD7900F4AF3A /* NSRelationshipDescription+MagicalDataImport.m */; };
		5C573F09199ABD7A00F4AF3A /* NSString+MagicalDataImport.m in Sources */ = {isa = PBXBuildFile; fileRef = 5C573ED5199ABD7900F4AF3A /* NSString+MagicalDataImport.m */; };
		5C573F0A199ABD7A00F4AF3A /* NSManagedObject+MagicalAggregation.m in Sources */ = {isa = PBXBuildFile; fileRef = 5C573ED8199ABD7900F4AF3A /* NSManagedObject+MagicalAggregation.m */; };
		5C573F0B199ABD7A00F4AF3A /* NSManagedObject+MagicalDataImport.m in Sources */ = {isa = PBXBuildFile; fileRef = 5C573EDA199ABD7900F4AF3A /* NSManagedObject+MagicalDataImport.m */; };
		5C573F0C199ABD7A00F4AF3A /* NSManagedObject+MagicalFinders.m in Sources */ = {isa = PBXBuildFile; fileRef = 5C573EDC199ABD7900F4AF3A /* NSManagedObject+MagicalFinders.m */; };
		5C573F0D199ABD7A00F4AF3A /* NSManagedObject+MagicalRecord.m in Sources */ = {isa = PBXBuildFile; fileRef = 5C573EDE199ABD7900F4AF3A /* NSManagedObject+MagicalRecord.m */; };
		5C573F0E199ABD7A00F4AF3A /* NSManagedObject+MagicalRequests.m in Sources */ = {isa = PBXBuildFile; fileRef = 5C573EE0199ABD7900F4AF3A /* NSManagedObject+MagicalRequests.m */; };
		5C573F0F199ABD7A00F4AF3A /* NSManagedObjectContext+MagicalObserving.m in Sources */ = {isa = PBXBuildFile; fileRef = 5C573EE3199ABD7900F4AF3A /* NSManagedObjectContext+MagicalObserving.m */; };
		5C573F10199ABD7A00F4AF3A /* NSManagedObjectContext+MagicalRecord.m in Sources */ = {isa = PBXBuildFile; fileRef = 5C573EE5199ABD7900F4AF3A /* NSManagedObjectContext+MagicalRecord.m */; };
		5C573F11199ABD7A00F4AF3A /* NSManagedObjectContext+MagicalSaves.m in Sources */ = {isa = PBXBuildFile; fileRef = 5C573EE7199ABD7900F4AF3A /* NSManagedObjectContext+MagicalSaves.m */; };
		5C573F12199ABD7A00F4AF3A /* NSManagedObjectContext+MagicalThreading.m in Sources */ = {isa = PBXBuildFile; fileRef = 5C573EE9199ABD7900F4AF3A /* NSManagedObjectContext+MagicalThreading.m */; };
		5C573F13199ABD7A00F4AF3A /* NSManagedObjectModel+MagicalRecord.m in Sources */ = {isa = PBXBuildFile; fileRef = 5C573EEB199ABD7900F4AF3A /* NSManagedObjectModel+MagicalRecord.m */; };
		5C573F14199ABD7A00F4AF3A /* NSPersistentStore+MagicalRecord.m in Sources */ = {isa = PBXBuildFile; fileRef = 5C573EED199ABD7900F4AF3A /* NSPersistentStore+MagicalRecord.m */; };
		5C573F15199ABD7A00F4AF3A /* NSPersistentStoreCoordinator+MagicalRecord.m in Sources */ = {isa = PBXBuildFile; fileRef = 5C573EEF199ABD7900F4AF3A /* NSPersistentStoreCoordinator+MagicalRecord.m */; };
		5C573F16199ABD7A00F4AF3A /* MagicalRecord+Actions.m in Sources */ = {isa = PBXBuildFile; fileRef = 5C573EF2199ABD7900F4AF3A /* MagicalRecord+Actions.m */; };
		5C573F17199ABD7A00F4AF3A /* MagicalRecord+ErrorHandling.m in Sources */ = {isa = PBXBuildFile; fileRef = 5C573EF4199ABD7900F4AF3A /* MagicalRecord+ErrorHandling.m */; };
		5C573F18199ABD7A00F4AF3A /* MagicalRecord+iCloud.m in Sources */ = {isa = PBXBuildFile; fileRef = 5C573EF6199ABD7900F4AF3A /* MagicalRecord+iCloud.m */; };
		5C573F19199ABD7A00F4AF3A /* MagicalRecord+Options.m in Sources */ = {isa = PBXBuildFile; fileRef = 5C573EF8199ABD7900F4AF3A /* MagicalRecord+Options.m */; };
		5C573F1A199ABD7A00F4AF3A /* MagicalRecord+Setup.m in Sources */ = {isa = PBXBuildFile; fileRef = 5C573EFA199ABD7900F4AF3A /* MagicalRecord+Setup.m */; };
		5C573F1B199ABD7A00F4AF3A /* MagicalRecord+ShorthandSupport.m in Sources */ = {isa = PBXBuildFile; fileRef = 5C573EFC199ABD7900F4AF3A /* MagicalRecord+ShorthandSupport.m */; };
		5C573F1C199ABD7A00F4AF3A /* MagicalRecord.m in Sources */ = {isa = PBXBuildFile; fileRef = 5C573EFE199ABD7900F4AF3A /* MagicalRecord.m */; };
		5CA1DA0E198FF333000BB7BC /* Parse.framework in Frameworks */ = {isa = PBXBuildFile; fileRef = 5CA1DA0D198FF333000BB7BC /* Parse.framework */; };
		5CA1DA10198FF38C000BB7BC /* AudioToolbox.framework in Frameworks */ = {isa = PBXBuildFile; fileRef = 5CA1DA0F198FF38C000BB7BC /* AudioToolbox.framework */; };
		5CA1DA12198FF394000BB7BC /* CFNetwork.framework in Frameworks */ = {isa = PBXBuildFile; fileRef = 5CA1DA11198FF394000BB7BC /* CFNetwork.framework */; };
		5CA1DA14198FF39F000BB7BC /* CoreLocation.framework in Frameworks */ = {isa = PBXBuildFile; fileRef = 5CA1DA13198FF39F000BB7BC /* CoreLocation.framework */; };
		5CA1DA16198FF3AD000BB7BC /* libz.dylib in Frameworks */ = {isa = PBXBuildFile; fileRef = 5CA1DA15198FF3AD000BB7BC /* libz.dylib */; };
		5CA1DA18198FF3B4000BB7BC /* MobileCoreServices.framework in Frameworks */ = {isa = PBXBuildFile; fileRef = 5CA1DA17198FF3B4000BB7BC /* MobileCoreServices.framework */; };
		5CA1DA1A198FF3BD000BB7BC /* Security.framework in Frameworks */ = {isa = PBXBuildFile; fileRef = 5CA1DA19198FF3BD000BB7BC /* Security.framework */; };
		5CA1DA1C198FF3C5000BB7BC /* StoreKit.framework in Frameworks */ = {isa = PBXBuildFile; fileRef = 5CA1DA1B198FF3C5000BB7BC /* StoreKit.framework */; };
		5CA1DA1E198FF3CD000BB7BC /* SystemConfiguration.framework in Frameworks */ = {isa = PBXBuildFile; fileRef = 5CA1DA1D198FF3CD000BB7BC /* SystemConfiguration.framework */; };
		5CA1DA21199029FC000BB7BC /* Day Model.xcdatamodeld in Sources */ = {isa = PBXBuildFile; fileRef = 5CA1DA1F199029FC000BB7BC /* Day Model.xcdatamodeld */; };
		5CEC458319EDACFD00F78571 /* Event.m in Sources */ = {isa = PBXBuildFile; fileRef = 5CEC458219EDACFD00F78571 /* Event.m */; };
		5CEC458619EDACFE00F78571 /* Day.m in Sources */ = {isa = PBXBuildFile; fileRef = 5CEC458519EDACFE00F78571 /* Day.m */; };
		5CEC458919EDACFE00F78571 /* Period.m in Sources */ = {isa = PBXBuildFile; fileRef = 5CEC458819EDACFE00F78571 /* Period.m */; };
/* End PBXBuildFile section */

/* Begin PBXContainerItemProxy section */
		3FB313E91955F565001B397E /* PBXContainerItemProxy */ = {
			isa = PBXContainerItemProxy;
			containerPortal = 3FB313B81955F565001B397E /* Project object */;
			proxyType = 1;
			remoteGlobalIDString = 3FB313BF1955F565001B397E;
			remoteInfo = "Kimball Union Academy Planbook";
		};
/* End PBXContainerItemProxy section */

/* Begin PBXFileReference section */
		3F1AF68C195875A500FED476 /* SettingsViewController.h */ = {isa = PBXFileReference; fileEncoding = 4; lastKnownFileType = sourcecode.c.h; name = SettingsViewController.h; path = ../SettingsViewController.h; sourceTree = "<group>"; };
		3F1AF68D195875A500FED476 /* SettingsViewController.m */ = {isa = PBXFileReference; fileEncoding = 4; lastKnownFileType = sourcecode.c.objc; name = SettingsViewController.m; path = ../SettingsViewController.m; sourceTree = "<group>"; };
		3F1AF68F195879D900FED476 /* ContactUsViewController.h */ = {isa = PBXFileReference; fileEncoding = 4; lastKnownFileType = sourcecode.c.h; path = ContactUsViewController.h; sourceTree = "<group>"; };
		3F1AF690195879D900FED476 /* ContactUsViewController.m */ = {isa = PBXFileReference; fileEncoding = 4; lastKnownFileType = sourcecode.c.objc; path = ContactUsViewController.m; sourceTree = "<group>"; };
		3F1AF6921958803400FED476 /* NotificationsViewController.h */ = {isa = PBXFileReference; fileEncoding = 4; lastKnownFileType = sourcecode.c.h; path = NotificationsViewController.h; sourceTree = "<group>"; };
		3F1AF6931958803400FED476 /* NotificationsViewController.m */ = {isa = PBXFileReference; fileEncoding = 4; lastKnownFileType = sourcecode.c.objc; path = NotificationsViewController.m; sourceTree = "<group>"; };
		3F1AF6951958809000FED476 /* Group.h */ = {isa = PBXFileReference; fileEncoding = 4; lastKnownFileType = sourcecode.c.h; path = Group.h; sourceTree = "<group>"; };
		3F1AF6961958809000FED476 /* Group.m */ = {isa = PBXFileReference; fileEncoding = 4; lastKnownFileType = sourcecode.c.objc; path = Group.m; sourceTree = "<group>"; };
		3F1AF6981958812400FED476 /* User.h */ = {isa = PBXFileReference; fileEncoding = 4; lastKnownFileType = sourcecode.c.h; path = User.h; sourceTree = "<group>"; };
		3F1AF6991958812400FED476 /* User.m */ = {isa = PBXFileReference; fileEncoding = 4; lastKnownFileType = sourcecode.c.objc; path = User.m; sourceTree = "<group>"; };
		3F1AF69B19588E6E00FED476 /* ManageGroupsViewController.h */ = {isa = PBXFileReference; fileEncoding = 4; lastKnownFileType = sourcecode.c.h; path = ManageGroupsViewController.h; sourceTree = "<group>"; };
		3F1AF69C19588E6E00FED476 /* ManageGroupsViewController.m */ = {isa = PBXFileReference; fileEncoding = 4; lastKnownFileType = sourcecode.c.objc; path = ManageGroupsViewController.m; sourceTree = "<group>"; };
		3F1AF69E19589DC700FED476 /* UIView+AutoLayout.h */ = {isa = PBXFileReference; fileEncoding = 4; lastKnownFileType = sourcecode.c.h; path = "UIView+AutoLayout.h"; sourceTree = "<group>"; };
		3F1AF69F19589DC700FED476 /* UIView+AutoLayout.m */ = {isa = PBXFileReference; fileEncoding = 4; lastKnownFileType = sourcecode.c.objc; path = "UIView+AutoLayout.m"; sourceTree = "<group>"; };
		3F1AF6A11958BFCD00FED476 /* Tester.h */ = {isa = PBXFileReference; fileEncoding = 4; lastKnownFileType = sourcecode.c.h; path = Tester.h; sourceTree = "<group>"; };
		3F1AF6A21958BFCD00FED476 /* Tester.m */ = {isa = PBXFileReference; fileEncoding = 4; lastKnownFileType = sourcecode.c.objc; path = Tester.m; sourceTree = "<group>"; };
		3F2D8C15195B2184005EB1B8 /* Main_iPhone.storyboard */ = {isa = PBXFileReference; fileEncoding = 4; lastKnownFileType = file.storyboard; path = Main_iPhone.storyboard; sourceTree = "<group>"; };
		3F3D24151959BC31005B643C /* SignInViewController.h */ = {isa = PBXFileReference; fileEncoding = 4; lastKnownFileType = sourcecode.c.h; path = SignInViewController.h; sourceTree = "<group>"; };
		3F3D24161959BC31005B643C /* SignInViewController.m */ = {isa = PBXFileReference; fileEncoding = 4; lastKnownFileType = sourcecode.c.objc; path = SignInViewController.m; sourceTree = "<group>"; };
		3F3D241B1959F02D005B643C /* Global.h */ = {isa = PBXFileReference; fileEncoding = 4; lastKnownFileType = sourcecode.c.h; name = Global.h; path = ../Global.h; sourceTree = "<group>"; };
		3F3D241C1959F02D005B643C /* Global.m */ = {isa = PBXFileReference; fileEncoding = 4; lastKnownFileType = sourcecode.c.objc; name = Global.m; path = ../Global.m; sourceTree = "<group>"; };
		3F3F84D9195B044500ED1948 /* QuartzCore.framework */ = {isa = PBXFileReference; lastKnownFileType = wrapper.framework; name = QuartzCore.framework; path = System/Library/Frameworks/QuartzCore.framework; sourceTree = SDKROOT; };
		3F3F84DB195B046000ED1948 /* CKCalendarView.h */ = {isa = PBXFileReference; fileEncoding = 4; lastKnownFileType = sourcecode.c.h; path = CKCalendarView.h; sourceTree = "<group>"; };
		3F3F84DC195B046000ED1948 /* CKCalendarView.m */ = {isa = PBXFileReference; fileEncoding = 4; lastKnownFileType = sourcecode.c.objc; path = CKCalendarView.m; sourceTree = "<group>"; };
		3F3F84DE195B0C2B00ED1948 /* DayViewController.h */ = {isa = PBXFileReference; fileEncoding = 4; lastKnownFileType = sourcecode.c.h; path = DayViewController.h; sourceTree = "<group>"; };
		3F3F84DF195B0C2B00ED1948 /* DayViewController.m */ = {isa = PBXFileReference; fileEncoding = 4; lastKnownFileType = sourcecode.c.objc; path = DayViewController.m; sourceTree = "<group>"; };
		3F7BE7B7195CBD43004C8006 /* DayScrollView.h */ = {isa = PBXFileReference; fileEncoding = 4; lastKnownFileType = sourcecode.c.h; path = DayScrollView.h; sourceTree = "<group>"; };
		3F7BE7B8195CBD43004C8006 /* DayScrollView.m */ = {isa = PBXFileReference; fileEncoding = 4; lastKnownFileType = sourcecode.c.objc; path = DayScrollView.m; sourceTree = "<group>"; };
		3F883BD31958D16F0064D337 /* GroupTableViewCell.h */ = {isa = PBXFileReference; fileEncoding = 4; lastKnownFileType = sourcecode.c.h; path = GroupTableViewCell.h; sourceTree = "<group>"; };
		3F883BD41958D16F0064D337 /* GroupTableViewCell.m */ = {isa = PBXFileReference; fileEncoding = 4; lastKnownFileType = sourcecode.c.objc; path = GroupTableViewCell.m; sourceTree = "<group>"; };
		3F883BD61958D1BE0064D337 /* GroupTableView.h */ = {isa = PBXFileReference; fileEncoding = 4; lastKnownFileType = sourcecode.c.h; path = GroupTableView.h; sourceTree = "<group>"; };
		3F883BD71958D1BE0064D337 /* GroupTableView.m */ = {isa = PBXFileReference; fileEncoding = 4; lastKnownFileType = sourcecode.c.objc; path = GroupTableView.m; sourceTree = "<group>"; };
		3FB313C01955F565001B397E /* Kimball Union Academy Planbook.app */ = {isa = PBXFileReference; explicitFileType = wrapper.application; includeInIndex = 0; path = "Kimball Union Academy Planbook.app"; sourceTree = BUILT_PRODUCTS_DIR; };
		3FB313C31955F565001B397E /* Foundation.framework */ = {isa = PBXFileReference; lastKnownFileType = wrapper.framework; name = Foundation.framework; path = System/Library/Frameworks/Foundation.framework; sourceTree = SDKROOT; };
		3FB313C51955F565001B397E /* CoreGraphics.framework */ = {isa = PBXFileReference; lastKnownFileType = wrapper.framework; name = CoreGraphics.framework; path = System/Library/Frameworks/CoreGraphics.framework; sourceTree = SDKROOT; };
		3FB313C71955F565001B397E /* UIKit.framework */ = {isa = PBXFileReference; lastKnownFileType = wrapper.framework; name = UIKit.framework; path = System/Library/Frameworks/UIKit.framework; sourceTree = SDKROOT; };
		3FB313CB1955F565001B397E /* Kimball Union Academy Planbook-Info.plist */ = {isa = PBXFileReference; lastKnownFileType = text.plist.xml; path = "Kimball Union Academy Planbook-Info.plist"; sourceTree = "<group>"; };
		3FB313CD1955F565001B397E /* en */ = {isa = PBXFileReference; lastKnownFileType = text.plist.strings; name = en; path = en.lproj/InfoPlist.strings; sourceTree = "<group>"; };
		3FB313CF1955F565001B397E /* main.m */ = {isa = PBXFileReference; lastKnownFileType = sourcecode.c.objc; path = main.m; sourceTree = "<group>"; };
		3FB313D11955F565001B397E /* Kimball Union Academy Planbook-Prefix.pch */ = {isa = PBXFileReference; lastKnownFileType = sourcecode.c.h; path = "Kimball Union Academy Planbook-Prefix.pch"; sourceTree = "<group>"; };
		3FB313D21955F565001B397E /* AppDelegate.h */ = {isa = PBXFileReference; lastKnownFileType = sourcecode.c.h; path = AppDelegate.h; sourceTree = "<group>"; };
		3FB313D31955F565001B397E /* AppDelegate.m */ = {isa = PBXFileReference; lastKnownFileType = sourcecode.c.objc; path = AppDelegate.m; sourceTree = "<group>"; };
		3FB313D91955F565001B397E /* Base */ = {isa = PBXFileReference; lastKnownFileType = file.storyboard; name = Base; path = Base.lproj/Main_iPad.storyboard; sourceTree = "<group>"; };
		3FB313DB1955F565001B397E /* HomeViewController.h */ = {isa = PBXFileReference; lastKnownFileType = sourcecode.c.h; path = HomeViewController.h; sourceTree = "<group>"; };
		3FB313DC1955F565001B397E /* HomeViewController.m */ = {isa = PBXFileReference; lastKnownFileType = sourcecode.c.objc; path = HomeViewController.m; sourceTree = "<group>"; };
		3FB313DE1955F565001B397E /* Images.xcassets */ = {isa = PBXFileReference; lastKnownFileType = folder.assetcatalog; path = Images.xcassets; sourceTree = "<group>"; };
		3FB313E41955F565001B397E /* Kimball Union Academy PlanbookTests.xctest */ = {isa = PBXFileReference; explicitFileType = wrapper.cfbundle; includeInIndex = 0; path = "Kimball Union Academy PlanbookTests.xctest"; sourceTree = BUILT_PRODUCTS_DIR; };
		3FB313E51955F565001B397E /* XCTest.framework */ = {isa = PBXFileReference; lastKnownFileType = wrapper.framework; name = XCTest.framework; path = Library/Frameworks/XCTest.framework; sourceTree = DEVELOPER_DIR; };
		3FB313ED1955F565001B397E /* Kimball Union Academy PlanbookTests-Info.plist */ = {isa = PBXFileReference; lastKnownFileType = text.plist.xml; path = "Kimball Union Academy PlanbookTests-Info.plist"; sourceTree = "<group>"; };
		3FB313EF1955F565001B397E /* en */ = {isa = PBXFileReference; lastKnownFileType = text.plist.strings; name = en; path = en.lproj/InfoPlist.strings; sourceTree = "<group>"; };
		3FB313F11955F565001B397E /* Kimball_Union_Academy_PlanbookTests.m */ = {isa = PBXFileReference; lastKnownFileType = sourcecode.c.objc; path = Kimball_Union_Academy_PlanbookTests.m; sourceTree = "<group>"; };
		3FB313FE1955F8B7001B397E /* MyScene.h */ = {isa = PBXFileReference; fileEncoding = 4; lastKnownFileType = sourcecode.c.h; name = MyScene.h; path = ../MyScene.h; sourceTree = "<group>"; };
		3FB313FF1955F8B7001B397E /* MyScene.m */ = {isa = PBXFileReference; fileEncoding = 4; lastKnownFileType = sourcecode.c.objc; name = MyScene.m; path = ../MyScene.m; sourceTree = "<group>"; };
		3FB314011955FC81001B397E /* MyParticle.sks */ = {isa = PBXFileReference; lastKnownFileType = file.sks; path = MyParticle.sks; sourceTree = "<group>"; };
		3FB314021955FC81001B397E /* spark.png */ = {isa = PBXFileReference; lastKnownFileType = image.png; path = spark.png; sourceTree = "<group>"; };
		3FB8C60E195A15CB0043995D /* PeriodOld.h */ = {isa = PBXFileReference; fileEncoding = 4; lastKnownFileType = sourcecode.c.h; name = PeriodOld.h; path = ../PeriodOld.h; sourceTree = "<group>"; };
		3FB8C60F195A15CB0043995D /* PeriodOld.m */ = {isa = PBXFileReference; fileEncoding = 4; lastKnownFileType = sourcecode.c.objc; name = PeriodOld.m; path = ../PeriodOld.m; sourceTree = "<group>"; };
		3FB8C61B195A26DF0043995D /* MonthViewController.h */ = {isa = PBXFileReference; fileEncoding = 4; lastKnownFileType = sourcecode.c.h; path = MonthViewController.h; sourceTree = "<group>"; };
		3FB8C61C195A26DF0043995D /* MonthViewController.m */ = {isa = PBXFileReference; fileEncoding = 4; lastKnownFileType = sourcecode.c.objc; path = MonthViewController.m; sourceTree = "<group>"; };
		3FC0EE0A195B6BEC00BDEF33 /* PeriodTableViewCell.h */ = {isa = PBXFileReference; fileEncoding = 4; lastKnownFileType = sourcecode.c.h; name = PeriodTableViewCell.h; path = ../PeriodTableViewCell.h; sourceTree = "<group>"; };
		3FC0EE0B195B6BEC00BDEF33 /* PeriodTableViewCell.m */ = {isa = PBXFileReference; fileEncoding = 4; lastKnownFileType = sourcecode.c.objc; name = PeriodTableViewCell.m; path = ../PeriodTableViewCell.m; sourceTree = "<group>"; };
		3FC0EE0D195B6C0200BDEF33 /* PeriodTableView.h */ = {isa = PBXFileReference; fileEncoding = 4; lastKnownFileType = sourcecode.c.h; name = PeriodTableView.h; path = ../PeriodTableView.h; sourceTree = "<group>"; };
		3FC0EE0E195B6C0200BDEF33 /* PeriodTableView.m */ = {isa = PBXFileReference; fileEncoding = 4; lastKnownFileType = sourcecode.c.objc; name = PeriodTableView.m; path = ../PeriodTableView.m; sourceTree = "<group>"; };
		3FEB56E4195C52A300B524C9 /* DayView.h */ = {isa = PBXFileReference; fileEncoding = 4; lastKnownFileType = sourcecode.c.h; name = DayView.h; path = ../DayView.h; sourceTree = "<group>"; };
		3FEB56E5195C52A300B524C9 /* DayView.m */ = {isa = PBXFileReference; fileEncoding = 4; lastKnownFileType = sourcecode.c.objc; name = DayView.m; path = ../DayView.m; sourceTree = "<group>"; };
		5C3FE19F19C0CA0A00107735 /* CoreDataLoader.sqlite */ = {isa = PBXFileReference; lastKnownFileType = file; path = CoreDataLoader.sqlite; sourceTree = "<group>"; };
		5C573EAD19968AB300F4AF3A /* CoreDataHelper.h */ = {isa = PBXFileReference; fileEncoding = 4; lastKnownFileType = sourcecode.c.h; name = CoreDataHelper.h; path = "Kimball Union Academy Planbook/CoreDataHelper.h"; sourceTree = "<group>"; };
		5C573EAE19968AB300F4AF3A /* CoreDataHelper.m */ = {isa = PBXFileReference; fileEncoding = 4; lastKnownFileType = sourcecode.c.objc; name = CoreDataHelper.m; path = "Kimball Union Academy Planbook/CoreDataHelper.m"; sourceTree = "<group>"; };
		5C573EC8199ABD7900F4AF3A /* MagicalImportFunctions.h */ = {isa = PBXFileReference; fileEncoding = 4; lastKnownFileType = sourcecode.c.h; path = MagicalImportFunctions.h; sourceTree = "<group>"; };
		5C573EC9199ABD7900F4AF3A /* MagicalImportFunctions.m */ = {isa = PBXFileReference; fileEncoding = 4; lastKnownFileType = sourcecode.c.objc; path = MagicalImportFunctions.m; sourceTree = "<group>"; };
		5C573ECA199ABD7900F4AF3A /* NSAttributeDescription+MagicalDataImport.h */ = {isa = PBXFileReference; fileEncoding = 4; lastKnownFileType = sourcecode.c.h; path = "NSAttributeDescription+MagicalDataImport.h"; sourceTree = "<group>"; };
		5C573ECB199ABD7900F4AF3A /* NSAttributeDescription+MagicalDataImport.m */ = {isa = PBXFileReference; fileEncoding = 4; lastKnownFileType = sourcecode.c.objc; path = "NSAttributeDescription+MagicalDataImport.m"; sourceTree = "<group>"; };
		5C573ECC199ABD7900F4AF3A /* NSEntityDescription+MagicalDataImport.h */ = {isa = PBXFileReference; fileEncoding = 4; lastKnownFileType = sourcecode.c.h; path = "NSEntityDescription+MagicalDataImport.h"; sourceTree = "<group>"; };
		5C573ECD199ABD7900F4AF3A /* NSEntityDescription+MagicalDataImport.m */ = {isa = PBXFileReference; fileEncoding = 4; lastKnownFileType = sourcecode.c.objc; path = "NSEntityDescription+MagicalDataImport.m"; sourceTree = "<group>"; };
		5C573ECE199ABD7900F4AF3A /* NSNumber+MagicalDataImport.h */ = {isa = PBXFileReference; fileEncoding = 4; lastKnownFileType = sourcecode.c.h; path = "NSNumber+MagicalDataImport.h"; sourceTree = "<group>"; };
		5C573ECF199ABD7900F4AF3A /* NSNumber+MagicalDataImport.m */ = {isa = PBXFileReference; fileEncoding = 4; lastKnownFileType = sourcecode.c.objc; path = "NSNumber+MagicalDataImport.m"; sourceTree = "<group>"; };
		5C573ED0199ABD7900F4AF3A /* NSObject+MagicalDataImport.h */ = {isa = PBXFileReference; fileEncoding = 4; lastKnownFileType = sourcecode.c.h; path = "NSObject+MagicalDataImport.h"; sourceTree = "<group>"; };
		5C573ED1199ABD7900F4AF3A /* NSObject+MagicalDataImport.m */ = {isa = PBXFileReference; fileEncoding = 4; lastKnownFileType = sourcecode.c.objc; path = "NSObject+MagicalDataImport.m"; sourceTree = "<group>"; };
		5C573ED2199ABD7900F4AF3A /* NSRelationshipDescription+MagicalDataImport.h */ = {isa = PBXFileReference; fileEncoding = 4; lastKnownFileType = sourcecode.c.h; path = "NSRelationshipDescription+MagicalDataImport.h"; sourceTree = "<group>"; };
		5C573ED3199ABD7900F4AF3A /* NSRelationshipDescription+MagicalDataImport.m */ = {isa = PBXFileReference; fileEncoding = 4; lastKnownFileType = sourcecode.c.objc; path = "NSRelationshipDescription+MagicalDataImport.m"; sourceTree = "<group>"; };
		5C573ED4199ABD7900F4AF3A /* NSString+MagicalDataImport.h */ = {isa = PBXFileReference; fileEncoding = 4; lastKnownFileType = sourcecode.c.h; path = "NSString+MagicalDataImport.h"; sourceTree = "<group>"; };
		5C573ED5199ABD7900F4AF3A /* NSString+MagicalDataImport.m */ = {isa = PBXFileReference; fileEncoding = 4; lastKnownFileType = sourcecode.c.objc; path = "NSString+MagicalDataImport.m"; sourceTree = "<group>"; };
		5C573ED7199ABD7900F4AF3A /* NSManagedObject+MagicalAggregation.h */ = {isa = PBXFileReference; fileEncoding = 4; lastKnownFileType = sourcecode.c.h; path = "NSManagedObject+MagicalAggregation.h"; sourceTree = "<group>"; };
		5C573ED8199ABD7900F4AF3A /* NSManagedObject+MagicalAggregation.m */ = {isa = PBXFileReference; fileEncoding = 4; lastKnownFileType = sourcecode.c.objc; path = "NSManagedObject+MagicalAggregation.m"; sourceTree = "<group>"; };
		5C573ED9199ABD7900F4AF3A /* NSManagedObject+MagicalDataImport.h */ = {isa = PBXFileReference; fileEncoding = 4; lastKnownFileType = sourcecode.c.h; path = "NSManagedObject+MagicalDataImport.h"; sourceTree = "<group>"; };
		5C573EDA199ABD7900F4AF3A /* NSManagedObject+MagicalDataImport.m */ = {isa = PBXFileReference; fileEncoding = 4; lastKnownFileType = sourcecode.c.objc; path = "NSManagedObject+MagicalDataImport.m"; sourceTree = "<group>"; };
		5C573EDB199ABD7900F4AF3A /* NSManagedObject+MagicalFinders.h */ = {isa = PBXFileReference; fileEncoding = 4; lastKnownFileType = sourcecode.c.h; path = "NSManagedObject+MagicalFinders.h"; sourceTree = "<group>"; };
		5C573EDC199ABD7900F4AF3A /* NSManagedObject+MagicalFinders.m */ = {isa = PBXFileReference; fileEncoding = 4; lastKnownFileType = sourcecode.c.objc; path = "NSManagedObject+MagicalFinders.m"; sourceTree = "<group>"; };
		5C573EDD199ABD7900F4AF3A /* NSManagedObject+MagicalRecord.h */ = {isa = PBXFileReference; fileEncoding = 4; lastKnownFileType = sourcecode.c.h; path = "NSManagedObject+MagicalRecord.h"; sourceTree = "<group>"; };
		5C573EDE199ABD7900F4AF3A /* NSManagedObject+MagicalRecord.m */ = {isa = PBXFileReference; fileEncoding = 4; lastKnownFileType = sourcecode.c.objc; path = "NSManagedObject+MagicalRecord.m"; sourceTree = "<group>"; };
		5C573EDF199ABD7900F4AF3A /* NSManagedObject+MagicalRequests.h */ = {isa = PBXFileReference; fileEncoding = 4; lastKnownFileType = sourcecode.c.h; path = "NSManagedObject+MagicalRequests.h"; sourceTree = "<group>"; };
		5C573EE0199ABD7900F4AF3A /* NSManagedObject+MagicalRequests.m */ = {isa = PBXFileReference; fileEncoding = 4; lastKnownFileType = sourcecode.c.objc; path = "NSManagedObject+MagicalRequests.m"; sourceTree = "<group>"; };
		5C573EE2199ABD7900F4AF3A /* NSManagedObjectContext+MagicalObserving.h */ = {isa = PBXFileReference; fileEncoding = 4; lastKnownFileType = sourcecode.c.h; path = "NSManagedObjectContext+MagicalObserving.h"; sourceTree = "<group>"; };
		5C573EE3199ABD7900F4AF3A /* NSManagedObjectContext+MagicalObserving.m */ = {isa = PBXFileReference; fileEncoding = 4; lastKnownFileType = sourcecode.c.objc; path = "NSManagedObjectContext+MagicalObserving.m"; sourceTree = "<group>"; };
		5C573EE4199ABD7900F4AF3A /* NSManagedObjectContext+MagicalRecord.h */ = {isa = PBXFileReference; fileEncoding = 4; lastKnownFileType = sourcecode.c.h; path = "NSManagedObjectContext+MagicalRecord.h"; sourceTree = "<group>"; };
		5C573EE5199ABD7900F4AF3A /* NSManagedObjectContext+MagicalRecord.m */ = {isa = PBXFileReference; fileEncoding = 4; lastKnownFileType = sourcecode.c.objc; path = "NSManagedObjectContext+MagicalRecord.m"; sourceTree = "<group>"; };
		5C573EE6199ABD7900F4AF3A /* NSManagedObjectContext+MagicalSaves.h */ = {isa = PBXFileReference; fileEncoding = 4; lastKnownFileType = sourcecode.c.h; path = "NSManagedObjectContext+MagicalSaves.h"; sourceTree = "<group>"; };
		5C573EE7199ABD7900F4AF3A /* NSManagedObjectContext+MagicalSaves.m */ = {isa = PBXFileReference; fileEncoding = 4; lastKnownFileType = sourcecode.c.objc; path = "NSManagedObjectContext+MagicalSaves.m"; sourceTree = "<group>"; };
		5C573EE8199ABD7900F4AF3A /* NSManagedObjectContext+MagicalThreading.h */ = {isa = PBXFileReference; fileEncoding = 4; lastKnownFileType = sourcecode.c.h; path = "NSManagedObjectContext+MagicalThreading.h"; sourceTree = "<group>"; };
		5C573EE9199ABD7900F4AF3A /* NSManagedObjectContext+MagicalThreading.m */ = {isa = PBXFileReference; fileEncoding = 4; lastKnownFileType = sourcecode.c.objc; path = "NSManagedObjectContext+MagicalThreading.m"; sourceTree = "<group>"; };
		5C573EEA199ABD7900F4AF3A /* NSManagedObjectModel+MagicalRecord.h */ = {isa = PBXFileReference; fileEncoding = 4; lastKnownFileType = sourcecode.c.h; path = "NSManagedObjectModel+MagicalRecord.h"; sourceTree = "<group>"; };
		5C573EEB199ABD7900F4AF3A /* NSManagedObjectModel+MagicalRecord.m */ = {isa = PBXFileReference; fileEncoding = 4; lastKnownFileType = sourcecode.c.objc; path = "NSManagedObjectModel+MagicalRecord.m"; sourceTree = "<group>"; };
		5C573EEC199ABD7900F4AF3A /* NSPersistentStore+MagicalRecord.h */ = {isa = PBXFileReference; fileEncoding = 4; lastKnownFileType = sourcecode.c.h; path = "NSPersistentStore+MagicalRecord.h"; sourceTree = "<group>"; };
		5C573EED199ABD7900F4AF3A /* NSPersistentStore+MagicalRecord.m */ = {isa = PBXFileReference; fileEncoding = 4; lastKnownFileType = sourcecode.c.objc; path = "NSPersistentStore+MagicalRecord.m"; sourceTree = "<group>"; };
		5C573EEE199ABD7900F4AF3A /* NSPersistentStoreCoordinator+MagicalRecord.h */ = {isa = PBXFileReference; fileEncoding = 4; lastKnownFileType = sourcecode.c.h; path = "NSPersistentStoreCoordinator+MagicalRecord.h"; sourceTree = "<group>"; };
		5C573EEF199ABD7900F4AF3A /* NSPersistentStoreCoordinator+MagicalRecord.m */ = {isa = PBXFileReference; fileEncoding = 4; lastKnownFileType = sourcecode.c.objc; path = "NSPersistentStoreCoordinator+MagicalRecord.m"; sourceTree = "<group>"; };
		5C573EF1199ABD7900F4AF3A /* MagicalRecord+Actions.h */ = {isa = PBXFileReference; fileEncoding = 4; lastKnownFileType = sourcecode.c.h; path = "MagicalRecord+Actions.h"; sourceTree = "<group>"; };
		5C573EF2199ABD7900F4AF3A /* MagicalRecord+Actions.m */ = {isa = PBXFileReference; fileEncoding = 4; lastKnownFileType = sourcecode.c.objc; path = "MagicalRecord+Actions.m"; sourceTree = "<group>"; };
		5C573EF3199ABD7900F4AF3A /* MagicalRecord+ErrorHandling.h */ = {isa = PBXFileReference; fileEncoding = 4; lastKnownFileType = sourcecode.c.h; path = "MagicalRecord+ErrorHandling.h"; sourceTree = "<group>"; };
		5C573EF4199ABD7900F4AF3A /* MagicalRecord+ErrorHandling.m */ = {isa = PBXFileReference; fileEncoding = 4; lastKnownFileType = sourcecode.c.objc; path = "MagicalRecord+ErrorHandling.m"; sourceTree = "<group>"; };
		5C573EF5199ABD7900F4AF3A /* MagicalRecord+iCloud.h */ = {isa = PBXFileReference; fileEncoding = 4; lastKnownFileType = sourcecode.c.h; path = "MagicalRecord+iCloud.h"; sourceTree = "<group>"; };
		5C573EF6199ABD7900F4AF3A /* MagicalRecord+iCloud.m */ = {isa = PBXFileReference; fileEncoding = 4; lastKnownFileType = sourcecode.c.objc; path = "MagicalRecord+iCloud.m"; sourceTree = "<group>"; };
		5C573EF7199ABD7900F4AF3A /* MagicalRecord+Options.h */ = {isa = PBXFileReference; fileEncoding = 4; lastKnownFileType = sourcecode.c.h; path = "MagicalRecord+Options.h"; sourceTree = "<group>"; };
		5C573EF8199ABD7900F4AF3A /* MagicalRecord+Options.m */ = {isa = PBXFileReference; fileEncoding = 4; lastKnownFileType = sourcecode.c.objc; path = "MagicalRecord+Options.m"; sourceTree = "<group>"; };
		5C573EF9199ABD7900F4AF3A /* MagicalRecord+Setup.h */ = {isa = PBXFileReference; fileEncoding = 4; lastKnownFileType = sourcecode.c.h; path = "MagicalRecord+Setup.h"; sourceTree = "<group>"; };
		5C573EFA199ABD7900F4AF3A /* MagicalRecord+Setup.m */ = {isa = PBXFileReference; fileEncoding = 4; lastKnownFileType = sourcecode.c.objc; path = "MagicalRecord+Setup.m"; sourceTree = "<group>"; };
		5C573EFB199ABD7900F4AF3A /* MagicalRecord+ShorthandSupport.h */ = {isa = PBXFileReference; fileEncoding = 4; lastKnownFileType = sourcecode.c.h; path = "MagicalRecord+ShorthandSupport.h"; sourceTree = "<group>"; };
		5C573EFC199ABD7900F4AF3A /* MagicalRecord+ShorthandSupport.m */ = {isa = PBXFileReference; fileEncoding = 4; lastKnownFileType = sourcecode.c.objc; path = "MagicalRecord+ShorthandSupport.m"; sourceTree = "<group>"; };
		5C573EFD199ABD7900F4AF3A /* MagicalRecord.h */ = {isa = PBXFileReference; fileEncoding = 4; lastKnownFileType = sourcecode.c.h; path = MagicalRecord.h; sourceTree = "<group>"; };
		5C573EFE199ABD7900F4AF3A /* MagicalRecord.m */ = {isa = PBXFileReference; fileEncoding = 4; lastKnownFileType = sourcecode.c.objc; path = MagicalRecord.m; sourceTree = "<group>"; };
		5C573EFF199ABD7900F4AF3A /* MagicalRecordDeprecated.h */ = {isa = PBXFileReference; fileEncoding = 4; lastKnownFileType = sourcecode.c.h; path = MagicalRecordDeprecated.h; sourceTree = "<group>"; };
		5C573F00199ABD7900F4AF3A /* MagicalRecordLogging.h */ = {isa = PBXFileReference; fileEncoding = 4; lastKnownFileType = sourcecode.c.h; path = MagicalRecordLogging.h; sourceTree = "<group>"; };
		5C573F01199ABD7900F4AF3A /* MagicalRecordShorthand.h */ = {isa = PBXFileReference; fileEncoding = 4; lastKnownFileType = sourcecode.c.h; path = MagicalRecordShorthand.h; sourceTree = "<group>"; };
		5C573F02199ABD7900F4AF3A /* CoreData+MagicalRecord.h */ = {isa = PBXFileReference; fileEncoding = 4; lastKnownFileType = sourcecode.c.h; path = "CoreData+MagicalRecord.h"; sourceTree = "<group>"; };
		5CA1DA0D198FF333000BB7BC /* Parse.framework */ = {isa = PBXFileReference; lastKnownFileType = wrapper.framework; path = Parse.framework; sourceTree = "<group>"; };
		5CA1DA0F198FF38C000BB7BC /* AudioToolbox.framework */ = {isa = PBXFileReference; lastKnownFileType = wrapper.framework; name = AudioToolbox.framework; path = System/Library/Frameworks/AudioToolbox.framework; sourceTree = SDKROOT; };
		5CA1DA11198FF394000BB7BC /* CFNetwork.framework */ = {isa = PBXFileReference; lastKnownFileType = wrapper.framework; name = CFNetwork.framework; path = System/Library/Frameworks/CFNetwork.framework; sourceTree = SDKROOT; };
		5CA1DA13198FF39F000BB7BC /* CoreLocation.framework */ = {isa = PBXFileReference; lastKnownFileType = wrapper.framework; name = CoreLocation.framework; path = System/Library/Frameworks/CoreLocation.framework; sourceTree = SDKROOT; };
		5CA1DA15198FF3AD000BB7BC /* libz.dylib */ = {isa = PBXFileReference; lastKnownFileType = "compiled.mach-o.dylib"; name = libz.dylib; path = usr/lib/libz.dylib; sourceTree = SDKROOT; };
		5CA1DA17198FF3B4000BB7BC /* MobileCoreServices.framework */ = {isa = PBXFileReference; lastKnownFileType = wrapper.framework; name = MobileCoreServices.framework; path = System/Library/Frameworks/MobileCoreServices.framework; sourceTree = SDKROOT; };
		5CA1DA19198FF3BD000BB7BC /* Security.framework */ = {isa = PBXFileReference; lastKnownFileType = wrapper.framework; name = Security.framework; path = System/Library/Frameworks/Security.framework; sourceTree = SDKROOT; };
		5CA1DA1B198FF3C5000BB7BC /* StoreKit.framework */ = {isa = PBXFileReference; lastKnownFileType = wrapper.framework; name = StoreKit.framework; path = System/Library/Frameworks/StoreKit.framework; sourceTree = SDKROOT; };
		5CA1DA1D198FF3CD000BB7BC /* SystemConfiguration.framework */ = {isa = PBXFileReference; lastKnownFileType = wrapper.framework; name = SystemConfiguration.framework; path = System/Library/Frameworks/SystemConfiguration.framework; sourceTree = SDKROOT; };
		5CA1DA20199029FC000BB7BC /* Day Model.xcdatamodel */ = {isa = PBXFileReference; lastKnownFileType = wrapper.xcdatamodel; path = "Day Model.xcdatamodel"; sourceTree = "<group>"; };
		5CEC458119EDACFD00F78571 /* Event.h */ = {isa = PBXFileReference; fileEncoding = 4; lastKnownFileType = sourcecode.c.h; path = Event.h; sourceTree = "<group>"; };
		5CEC458219EDACFD00F78571 /* Event.m */ = {isa = PBXFileReference; fileEncoding = 4; lastKnownFileType = sourcecode.c.objc; path = Event.m; sourceTree = "<group>"; };
		5CEC458419EDACFE00F78571 /* Day.h */ = {isa = PBXFileReference; fileEncoding = 4; lastKnownFileType = sourcecode.c.h; path = Day.h; sourceTree = "<group>"; };
		5CEC458519EDACFE00F78571 /* Day.m */ = {isa = PBXFileReference; fileEncoding = 4; lastKnownFileType = sourcecode.c.objc; path = Day.m; sourceTree = "<group>"; };
		5CEC458719EDACFE00F78571 /* Period.h */ = {isa = PBXFileReference; fileEncoding = 4; lastKnownFileType = sourcecode.c.h; path = Period.h; sourceTree = "<group>"; };
		5CEC458819EDACFE00F78571 /* Period.m */ = {isa = PBXFileReference; fileEncoding = 4; lastKnownFileType = sourcecode.c.objc; path = Period.m; sourceTree = "<group>"; };
/* End PBXFileReference section */

/* Begin PBXFrameworksBuildPhase section */
		3FB313BD1955F565001B397E /* Frameworks */ = {
			isa = PBXFrameworksBuildPhase;
			buildActionMask = 2147483647;
			files = (
				5CA1DA1E198FF3CD000BB7BC /* SystemConfiguration.framework in Frameworks */,
				5CA1DA1C198FF3C5000BB7BC /* StoreKit.framework in Frameworks */,
				5CA1DA1A198FF3BD000BB7BC /* Security.framework in Frameworks */,
				5CA1DA18198FF3B4000BB7BC /* MobileCoreServices.framework in Frameworks */,
				5CA1DA16198FF3AD000BB7BC /* libz.dylib in Frameworks */,
				5CA1DA14198FF39F000BB7BC /* CoreLocation.framework in Frameworks */,
				5CA1DA12198FF394000BB7BC /* CFNetwork.framework in Frameworks */,
				5CA1DA10198FF38C000BB7BC /* AudioToolbox.framework in Frameworks */,
				3F3F84DA195B044500ED1948 /* QuartzCore.framework in Frameworks */,
				3FB313C61955F565001B397E /* CoreGraphics.framework in Frameworks */,
				3FB313C81955F565001B397E /* UIKit.framework in Frameworks */,
				3FB313C41955F565001B397E /* Foundation.framework in Frameworks */,
				5CA1DA0E198FF333000BB7BC /* Parse.framework in Frameworks */,
			);
			runOnlyForDeploymentPostprocessing = 0;
		};
		3FB313E11955F565001B397E /* Frameworks */ = {
			isa = PBXFrameworksBuildPhase;
			buildActionMask = 2147483647;
			files = (
				3FB313E61955F565001B397E /* XCTest.framework in Frameworks */,
				3FB313E81955F565001B397E /* UIKit.framework in Frameworks */,
				3FB313E71955F565001B397E /* Foundation.framework in Frameworks */,
			);
			runOnlyForDeploymentPostprocessing = 0;
		};
/* End PBXFrameworksBuildPhase section */

/* Begin PBXGroup section */
		3FB313B71955F565001B397E = {
			isa = PBXGroup;
			children = (
				5C3FE19F19C0CA0A00107735 /* CoreDataLoader.sqlite */,
				5C573EC5199ABD7900F4AF3A /* MagicalRecord */,
				5CA1DA2319902EB0000BB7BC /* Core Dara */,
				5C573EAD19968AB300F4AF3A /* CoreDataHelper.h */,
				5C573EAE19968AB300F4AF3A /* CoreDataHelper.m */,
				5CA1DA0D198FF333000BB7BC /* Parse.framework */,
				3FB313C91955F565001B397E /* Kimball Union Academy Planbook */,
				3FB313EB1955F565001B397E /* Kimball Union Academy PlanbookTests */,
				3FB313C21955F565001B397E /* Frameworks */,
				3FB313C11955F565001B397E /* Products */,
			);
			sourceTree = "<group>";
		};
		3FB313C11955F565001B397E /* Products */ = {
			isa = PBXGroup;
			children = (
				3FB313C01955F565001B397E /* Kimball Union Academy Planbook.app */,
				3FB313E41955F565001B397E /* Kimball Union Academy PlanbookTests.xctest */,
			);
			name = Products;
			sourceTree = "<group>";
		};
		3FB313C21955F565001B397E /* Frameworks */ = {
			isa = PBXGroup;
			children = (
				5CA1DA1D198FF3CD000BB7BC /* SystemConfiguration.framework */,
				5CA1DA1B198FF3C5000BB7BC /* StoreKit.framework */,
				5CA1DA19198FF3BD000BB7BC /* Security.framework */,
				5CA1DA17198FF3B4000BB7BC /* MobileCoreServices.framework */,
				5CA1DA15198FF3AD000BB7BC /* libz.dylib */,
				5CA1DA13198FF39F000BB7BC /* CoreLocation.framework */,
				5CA1DA11198FF394000BB7BC /* CFNetwork.framework */,
				5CA1DA0F198FF38C000BB7BC /* AudioToolbox.framework */,
				3F3F84D9195B044500ED1948 /* QuartzCore.framework */,
				3FB313C31955F565001B397E /* Foundation.framework */,
				3FB313C51955F565001B397E /* CoreGraphics.framework */,
				3FB313C71955F565001B397E /* UIKit.framework */,
				3FB313E51955F565001B397E /* XCTest.framework */,
			);
			name = Frameworks;
			sourceTree = "<group>";
		};
		3FB313C91955F565001B397E /* Kimball Union Academy Planbook */ = {
			isa = PBXGroup;
			children = (
				3FC0EDF9195B509600BDEF33 /* App Delegate + Global */,
				3FC0EDFC195B50F000BDEF33 /* Storyboards */,
				3FC0EDFB195B50BB00BDEF33 /* View Controllers */,
				3FC0EDFD195B510600BDEF33 /* Objects */,
				3FC0EDFE195B511300BDEF33 /* Auxilary Libraries */,
				3FB313DE1955F565001B397E /* Images.xcassets */,
				3FB313CA1955F565001B397E /* Supporting Files */,
			);
			path = "Kimball Union Academy Planbook";
			sourceTree = "<group>";
		};
		3FB313CA1955F565001B397E /* Supporting Files */ = {
			isa = PBXGroup;
			children = (
				3FB313CB1955F565001B397E /* Kimball Union Academy Planbook-Info.plist */,
				3FB313CC1955F565001B397E /* InfoPlist.strings */,
				3FB313CF1955F565001B397E /* main.m */,
				3FB313D11955F565001B397E /* Kimball Union Academy Planbook-Prefix.pch */,
			);
			name = "Supporting Files";
			sourceTree = "<group>";
		};
		3FB313EB1955F565001B397E /* Kimball Union Academy PlanbookTests */ = {
			isa = PBXGroup;
			children = (
				3FB313F11955F565001B397E /* Kimball_Union_Academy_PlanbookTests.m */,
				3FB313EC1955F565001B397E /* Supporting Files */,
			);
			path = "Kimball Union Academy PlanbookTests";
			sourceTree = "<group>";
		};
		3FB313EC1955F565001B397E /* Supporting Files */ = {
			isa = PBXGroup;
			children = (
				3FB313ED1955F565001B397E /* Kimball Union Academy PlanbookTests-Info.plist */,
				3FB313EE1955F565001B397E /* InfoPlist.strings */,
			);
			name = "Supporting Files";
			sourceTree = "<group>";
		};
		3FC0EDF9195B509600BDEF33 /* App Delegate + Global */ = {
			isa = PBXGroup;
			children = (
				3F3D241B1959F02D005B643C /* Global.h */,
				3F3D241C1959F02D005B643C /* Global.m */,
				3FB313D31955F565001B397E /* AppDelegate.m */,
				3FB313D21955F565001B397E /* AppDelegate.h */,
				3F1AF6A11958BFCD00FED476 /* Tester.h */,
				3F1AF6A21958BFCD00FED476 /* Tester.m */,
			);
			name = "App Delegate + Global";
			sourceTree = "<group>";
		};
		3FC0EDFB195B50BB00BDEF33 /* View Controllers */ = {
			isa = PBXGroup;
			children = (
				3FC0EDFF195B513E00BDEF33 /* Table View Bits */,
				3F3F84DE195B0C2B00ED1948 /* DayViewController.h */,
				3F3F84DF195B0C2B00ED1948 /* DayViewController.m */,
				3FB8C61B195A26DF0043995D /* MonthViewController.h */,
				3FB8C61C195A26DF0043995D /* MonthViewController.m */,
				3F7BE7B7195CBD43004C8006 /* DayScrollView.h */,
				3F7BE7B8195CBD43004C8006 /* DayScrollView.m */,
				3FB313DB1955F565001B397E /* HomeViewController.h */,
				3FB313DC1955F565001B397E /* HomeViewController.m */,
				3F1AF68C195875A500FED476 /* SettingsViewController.h */,
				3F1AF68D195875A500FED476 /* SettingsViewController.m */,
				3F1AF690195879D900FED476 /* ContactUsViewController.m */,
				3F1AF68F195879D900FED476 /* ContactUsViewController.h */,
				3F1AF6921958803400FED476 /* NotificationsViewController.h */,
				3F1AF6931958803400FED476 /* NotificationsViewController.m */,
				3F3D24151959BC31005B643C /* SignInViewController.h */,
				3F3D24161959BC31005B643C /* SignInViewController.m */,
				3F1AF69B19588E6E00FED476 /* ManageGroupsViewController.h */,
				3F1AF69C19588E6E00FED476 /* ManageGroupsViewController.m */,
			);
			name = "View Controllers";
			sourceTree = "<group>";
		};
		3FC0EDFC195B50F000BDEF33 /* Storyboards */ = {
			isa = PBXGroup;
			children = (
				3F2D8C15195B2184005EB1B8 /* Main_iPhone.storyboard */,
				3FB313D81955F565001B397E /* Main_iPad.storyboard */,
			);
			name = Storyboards;
			sourceTree = "<group>";
		};
		3FC0EDFD195B510600BDEF33 /* Objects */ = {
			isa = PBXGroup;
			children = (
				3FC0EE01195B51B200BDEF33 /* Particle Emitter */,
				3F1AF6981958812400FED476 /* User.h */,
				3F1AF6991958812400FED476 /* User.m */,
				3FB8C60E195A15CB0043995D /* PeriodOld.h */,
				3FB8C60F195A15CB0043995D /* PeriodOld.m */,
				3F1AF6951958809000FED476 /* Group.h */,
				3F1AF6961958809000FED476 /* Group.m */,
			);
			name = Objects;
			sourceTree = "<group>";
		};
		3FC0EDFE195B511300BDEF33 /* Auxilary Libraries */ = {
			isa = PBXGroup;
			children = (
				3F3F84DB195B046000ED1948 /* CKCalendarView.h */,
				3F3F84DC195B046000ED1948 /* CKCalendarView.m */,
				3F1AF69E19589DC700FED476 /* UIView+AutoLayout.h */,
				3F1AF69F19589DC700FED476 /* UIView+AutoLayout.m */,
			);
			name = "Auxilary Libraries";
			sourceTree = "<group>";
		};
		3FC0EDFF195B513E00BDEF33 /* Table View Bits */ = {
			isa = PBXGroup;
			children = (
				3FC0EE0D195B6C0200BDEF33 /* PeriodTableView.h */,
				3FEB56E4195C52A300B524C9 /* DayView.h */,
				3FEB56E5195C52A300B524C9 /* DayView.m */,
				3FC0EE0E195B6C0200BDEF33 /* PeriodTableView.m */,
				3FC0EE0A195B6BEC00BDEF33 /* PeriodTableViewCell.h */,
				3FC0EE0B195B6BEC00BDEF33 /* PeriodTableViewCell.m */,
				3F883BD61958D1BE0064D337 /* GroupTableView.h */,
				3F883BD71958D1BE0064D337 /* GroupTableView.m */,
				3F883BD31958D16F0064D337 /* GroupTableViewCell.h */,
				3F883BD41958D16F0064D337 /* GroupTableViewCell.m */,
			);
			name = "Table View Bits";
			sourceTree = "<group>";
		};
		3FC0EE01195B51B200BDEF33 /* Particle Emitter */ = {
			isa = PBXGroup;
			children = (
				3FB314021955FC81001B397E /* spark.png */,
				3FB313FE1955F8B7001B397E /* MyScene.h */,
				3FB313FF1955F8B7001B397E /* MyScene.m */,
				3FB314011955FC81001B397E /* MyParticle.sks */,
			);
			name = "Particle Emitter";
			sourceTree = "<group>";
		};
		5C573EC5199ABD7900F4AF3A /* MagicalRecord */ = {
			isa = PBXGroup;
			children = (
				5C573EC6199ABD7900F4AF3A /* Categories */,
				5C573EF0199ABD7900F4AF3A /* Core */,
				5C573F02199ABD7900F4AF3A /* CoreData+MagicalRecord.h */,
			);
			name = MagicalRecord;
			path = "Kimball Union Academy Planbook/MagicalRecord";
			sourceTree = "<group>";
		};
		5C573EC6199ABD7900F4AF3A /* Categories */ = {
			isa = PBXGroup;
			children = (
				5C573EC7199ABD7900F4AF3A /* DataImport */,
				5C573ED6199ABD7900F4AF3A /* NSManagedObject */,
				5C573EE1199ABD7900F4AF3A /* NSManagedObjectContext */,
				5C573EEA199ABD7900F4AF3A /* NSManagedObjectModel+MagicalRecord.h */,
				5C573EEB199ABD7900F4AF3A /* NSManagedObjectModel+MagicalRecord.m */,
				5C573EEC199ABD7900F4AF3A /* NSPersistentStore+MagicalRecord.h */,
				5C573EED199ABD7900F4AF3A /* NSPersistentStore+MagicalRecord.m */,
				5C573EEE199ABD7900F4AF3A /* NSPersistentStoreCoordinator+MagicalRecord.h */,
				5C573EEF199ABD7900F4AF3A /* NSPersistentStoreCoordinator+MagicalRecord.m */,
			);
			path = Categories;
			sourceTree = "<group>";
		};
		5C573EC7199ABD7900F4AF3A /* DataImport */ = {
			isa = PBXGroup;
			children = (
				5C573EC8199ABD7900F4AF3A /* MagicalImportFunctions.h */,
				5C573EC9199ABD7900F4AF3A /* MagicalImportFunctions.m */,
				5C573ECA199ABD7900F4AF3A /* NSAttributeDescription+MagicalDataImport.h */,
				5C573ECB199ABD7900F4AF3A /* NSAttributeDescription+MagicalDataImport.m */,
				5C573ECC199ABD7900F4AF3A /* NSEntityDescription+MagicalDataImport.h */,
				5C573ECD199ABD7900F4AF3A /* NSEntityDescription+MagicalDataImport.m */,
				5C573ECE199ABD7900F4AF3A /* NSNumber+MagicalDataImport.h */,
				5C573ECF199ABD7900F4AF3A /* NSNumber+MagicalDataImport.m */,
				5C573ED0199ABD7900F4AF3A /* NSObject+MagicalDataImport.h */,
				5C573ED1199ABD7900F4AF3A /* NSObject+MagicalDataImport.m */,
				5C573ED2199ABD7900F4AF3A /* NSRelationshipDescription+MagicalDataImport.h */,
				5C573ED3199ABD7900F4AF3A /* NSRelationshipDescription+MagicalDataImport.m */,
				5C573ED4199ABD7900F4AF3A /* NSString+MagicalDataImport.h */,
				5C573ED5199ABD7900F4AF3A /* NSString+MagicalDataImport.m */,
			);
			path = DataImport;
			sourceTree = "<group>";
		};
		5C573ED6199ABD7900F4AF3A /* NSManagedObject */ = {
			isa = PBXGroup;
			children = (
				5C573ED7199ABD7900F4AF3A /* NSManagedObject+MagicalAggregation.h */,
				5C573ED8199ABD7900F4AF3A /* NSManagedObject+MagicalAggregation.m */,
				5C573ED9199ABD7900F4AF3A /* NSManagedObject+MagicalDataImport.h */,
				5C573EDA199ABD7900F4AF3A /* NSManagedObject+MagicalDataImport.m */,
				5C573EDB199ABD7900F4AF3A /* NSManagedObject+MagicalFinders.h */,
				5C573EDC199ABD7900F4AF3A /* NSManagedObject+MagicalFinders.m */,
				5C573EDD199ABD7900F4AF3A /* NSManagedObject+MagicalRecord.h */,
				5C573EDE199ABD7900F4AF3A /* NSManagedObject+MagicalRecord.m */,
				5C573EDF199ABD7900F4AF3A /* NSManagedObject+MagicalRequests.h */,
				5C573EE0199ABD7900F4AF3A /* NSManagedObject+MagicalRequests.m */,
			);
			path = NSManagedObject;
			sourceTree = "<group>";
		};
		5C573EE1199ABD7900F4AF3A /* NSManagedObjectContext */ = {
			isa = PBXGroup;
			children = (
				5C573EE2199ABD7900F4AF3A /* NSManagedObjectContext+MagicalObserving.h */,
				5C573EE3199ABD7900F4AF3A /* NSManagedObjectContext+MagicalObserving.m */,
				5C573EE4199ABD7900F4AF3A /* NSManagedObjectContext+MagicalRecord.h */,
				5C573EE5199ABD7900F4AF3A /* NSManagedObjectContext+MagicalRecord.m */,
				5C573EE6199ABD7900F4AF3A /* NSManagedObjectContext+MagicalSaves.h */,
				5C573EE7199ABD7900F4AF3A /* NSManagedObjectContext+MagicalSaves.m */,
				5C573EE8199ABD7900F4AF3A /* NSManagedObjectContext+MagicalThreading.h */,
				5C573EE9199ABD7900F4AF3A /* NSManagedObjectContext+MagicalThreading.m */,
			);
			path = NSManagedObjectContext;
			sourceTree = "<group>";
		};
		5C573EF0199ABD7900F4AF3A /* Core */ = {
			isa = PBXGroup;
			children = (
				5C573EF1199ABD7900F4AF3A /* MagicalRecord+Actions.h */,
				5C573EF2199ABD7900F4AF3A /* MagicalRecord+Actions.m */,
				5C573EF3199ABD7900F4AF3A /* MagicalRecord+ErrorHandling.h */,
				5C573EF4199ABD7900F4AF3A /* MagicalRecord+ErrorHandling.m */,
				5C573EF5199ABD7900F4AF3A /* MagicalRecord+iCloud.h */,
				5C573EF6199ABD7900F4AF3A /* MagicalRecord+iCloud.m */,
				5C573EF7199ABD7900F4AF3A /* MagicalRecord+Options.h */,
				5C573EF8199ABD7900F4AF3A /* MagicalRecord+Options.m */,
				5C573EF9199ABD7900F4AF3A /* MagicalRecord+Setup.h */,
				5C573EFA199ABD7900F4AF3A /* MagicalRecord+Setup.m */,
				5C573EFB199ABD7900F4AF3A /* MagicalRecord+ShorthandSupport.h */,
				5C573EFC199ABD7900F4AF3A /* MagicalRecord+ShorthandSupport.m */,
				5C573EFD199ABD7900F4AF3A /* MagicalRecord.h */,
				5C573EFE199ABD7900F4AF3A /* MagicalRecord.m */,
				5C573EFF199ABD7900F4AF3A /* MagicalRecordDeprecated.h */,
				5C573F00199ABD7900F4AF3A /* MagicalRecordLogging.h */,
				5C573F01199ABD7900F4AF3A /* MagicalRecordShorthand.h */,
			);
			path = Core;
			sourceTree = "<group>";
		};
		5CA1DA2319902EB0000BB7BC /* Core Dara */ = {
			isa = PBXGroup;
			children = (
				5CA1DA1F199029FC000BB7BC /* Day Model.xcdatamodeld */,
				5CEC458719EDACFE00F78571 /* Period.h */,
				5CEC458819EDACFE00F78571 /* Period.m */,
				5CEC458419EDACFE00F78571 /* Day.h */,
				5CEC458519EDACFE00F78571 /* Day.m */,
				5CEC458119EDACFD00F78571 /* Event.h */,
				5CEC458219EDACFD00F78571 /* Event.m */,
			);
			name = "Core Dara";
			sourceTree = "<group>";
		};
/* End PBXGroup section */

/* Begin PBXNativeTarget section */
		3FB313BF1955F565001B397E /* Kimball Union Academy Planbook */ = {
			isa = PBXNativeTarget;
			buildConfigurationList = 3FB313F51955F565001B397E /* Build configuration list for PBXNativeTarget "Kimball Union Academy Planbook" */;
			buildPhases = (
				3FB313BC1955F565001B397E /* Sources */,
				3FB313BD1955F565001B397E /* Frameworks */,
				3FB313BE1955F565001B397E /* Resources */,
			);
			buildRules = (
			);
			dependencies = (
			);
			name = "Kimball Union Academy Planbook";
			productName = "Kimball Union Academy Planbook";
			productReference = 3FB313C01955F565001B397E /* Kimball Union Academy Planbook.app */;
			productType = "com.apple.product-type.application";
		};
		3FB313E31955F565001B397E /* Kimball Union Academy PlanbookTests */ = {
			isa = PBXNativeTarget;
			buildConfigurationList = 3FB313F81955F565001B397E /* Build configuration list for PBXNativeTarget "Kimball Union Academy PlanbookTests" */;
			buildPhases = (
				3FB313E01955F565001B397E /* Sources */,
				3FB313E11955F565001B397E /* Frameworks */,
				3FB313E21955F565001B397E /* Resources */,
			);
			buildRules = (
			);
			dependencies = (
				3FB313EA1955F565001B397E /* PBXTargetDependency */,
			);
			name = "Kimball Union Academy PlanbookTests";
			productName = "Kimball Union Academy PlanbookTests";
			productReference = 3FB313E41955F565001B397E /* Kimball Union Academy PlanbookTests.xctest */;
			productType = "com.apple.product-type.bundle.unit-test";
		};
/* End PBXNativeTarget section */

/* Begin PBXProject section */
		3FB313B81955F565001B397E /* Project object */ = {
			isa = PBXProject;
			attributes = {
				LastUpgradeCheck = 0510;
				ORGANIZATIONNAME = "Nate Lang";
				TargetAttributes = {
					3FB313BF1955F565001B397E = {
						DevelopmentTeam = Y5WQ5845UC;
					};
					3FB313E31955F565001B397E = {
						TestTargetID = 3FB313BF1955F565001B397E;
					};
				};
			};
			buildConfigurationList = 3FB313BB1955F565001B397E /* Build configuration list for PBXProject "Kimball Union Academy Planbook" */;
			compatibilityVersion = "Xcode 3.2";
			developmentRegion = English;
			hasScannedForEncodings = 0;
			knownRegions = (
				en,
				Base,
			);
			mainGroup = 3FB313B71955F565001B397E;
			productRefGroup = 3FB313C11955F565001B397E /* Products */;
			projectDirPath = "";
			projectRoot = "";
			targets = (
				3FB313BF1955F565001B397E /* Kimball Union Academy Planbook */,
				3FB313E31955F565001B397E /* Kimball Union Academy PlanbookTests */,
			);
		};
/* End PBXProject section */

/* Begin PBXResourcesBuildPhase section */
		3FB313BE1955F565001B397E /* Resources */ = {
			isa = PBXResourcesBuildPhase;
			buildActionMask = 2147483647;
			files = (
				3FB313DA1955F565001B397E /* Main_iPad.storyboard in Resources */,
				3FB314041955FC81001B397E /* spark.png in Resources */,
				3FB313DF1955F565001B397E /* Images.xcassets in Resources */,
				3F2D8C16195B2184005EB1B8 /* Main_iPhone.storyboard in Resources */,
				5C3FE1A019C0CA0A00107735 /* CoreDataLoader.sqlite in Resources */,
				3FB313CE1955F565001B397E /* InfoPlist.strings in Resources */,
				3FB314031955FC81001B397E /* MyParticle.sks in Resources */,
			);
			runOnlyForDeploymentPostprocessing = 0;
		};
		3FB313E21955F565001B397E /* Resources */ = {
			isa = PBXResourcesBuildPhase;
			buildActionMask = 2147483647;
			files = (
				3FB313F01955F565001B397E /* InfoPlist.strings in Resources */,
			);
			runOnlyForDeploymentPostprocessing = 0;
		};
/* End PBXResourcesBuildPhase section */

/* Begin PBXSourcesBuildPhase section */
		3FB313BC1955F565001B397E /* Sources */ = {
			isa = PBXSourcesBuildPhase;
			buildActionMask = 2147483647;
			files = (
				5CA1DA21199029FC000BB7BC /* Day Model.xcdatamodeld in Sources */,
				3FC0EE0F195B6C0200BDEF33 /* PeriodTableView.m in Sources */,
				5C573F19199ABD7A00F4AF3A /* MagicalRecord+Options.m in Sources */,
				3FB8C61D195A26DF0043995D /* MonthViewController.m in Sources */,
				3FB314001955F8B7001B397E /* MyScene.m in Sources */,
				3F883BD81958D1BE0064D337 /* GroupTableView.m in Sources */,
				5C573F09199ABD7A00F4AF3A /* NSString+MagicalDataImport.m in Sources */,
				5CEC458919EDACFE00F78571 /* Period.m in Sources */,
				3FB313DD1955F565001B397E /* HomeViewController.m in Sources */,
				5C573F14199ABD7A00F4AF3A /* NSPersistentStore+MagicalRecord.m in Sources */,
				5C573F0F199ABD7A00F4AF3A /* NSManagedObjectContext+MagicalObserving.m in Sources */,
				5C573EAF19968AB300F4AF3A /* CoreDataHelper.m in Sources */,
				5C573F12199ABD7A00F4AF3A /* NSManagedObjectContext+MagicalThreading.m in Sources */,
				5CEC458619EDACFE00F78571 /* Day.m in Sources */,
				5C573F11199ABD7A00F4AF3A /* NSManagedObjectContext+MagicalSaves.m in Sources */,
				5C573F1C199ABD7A00F4AF3A /* MagicalRecord.m in Sources */,
				3F1AF69A1958812400FED476 /* User.m in Sources */,
				3FEB56E6195C52A300B524C9 /* DayView.m in Sources */,
				3F3D241D1959F02D005B643C /* Global.m in Sources */,
				5C573F03199ABD7A00F4AF3A /* MagicalImportFunctions.m in Sources */,
				5C573F04199ABD7A00F4AF3A /* NSAttributeDescription+MagicalDataImport.m in Sources */,
				3F1AF68E195875A500FED476 /* SettingsViewController.m in Sources */,
				3F1AF6941958803400FED476 /* NotificationsViewController.m in Sources */,
				5C573F06199ABD7A00F4AF3A /* NSNumber+MagicalDataImport.m in Sources */,
				5C573F05199ABD7A00F4AF3A /* NSEntityDescription+MagicalDataImport.m in Sources */,
				3F3F84E0195B0C2B00ED1948 /* DayViewController.m in Sources */,
				5CEC458319EDACFD00F78571 /* Event.m in Sources */,
				3F883BD51958D16F0064D337 /* GroupTableViewCell.m in Sources */,
				5C573F0A199ABD7A00F4AF3A /* NSManagedObject+MagicalAggregation.m in Sources */,
				5C573F07199ABD7A00F4AF3A /* NSObject+MagicalDataImport.m in Sources */,
				3F3F84DD195B046000ED1948 /* CKCalendarView.m in Sources */,
				5C573F1A199ABD7A00F4AF3A /* MagicalRecord+Setup.m in Sources */,
				3F1AF69D19588E6E00FED476 /* ManageGroupsViewController.m in Sources */,
				5C573F15199ABD7A00F4AF3A /* NSPersistentStoreCoordinator+MagicalRecord.m in Sources */,
				5C573F08199ABD7A00F4AF3A /* NSRelationshipDescription+MagicalDataImport.m in Sources */,
				5C573F18199ABD7A00F4AF3A /* MagicalRecord+iCloud.m in Sources */,
				5C573F0E199ABD7A00F4AF3A /* NSManagedObject+MagicalRequests.m in Sources */,
				5C573F13199ABD7A00F4AF3A /* NSManagedObjectModel+MagicalRecord.m in Sources */,
				5C573F0B199ABD7A00F4AF3A /* NSManagedObject+MagicalDataImport.m in Sources */,
				5C573F1B199ABD7A00F4AF3A /* MagicalRecord+ShorthandSupport.m in Sources */,
				3F1AF691195879D900FED476 /* ContactUsViewController.m in Sources */,
				3FB313D41955F565001B397E /* AppDelegate.m in Sources */,
				5C573F17199ABD7A00F4AF3A /* MagicalRecord+ErrorHandling.m in Sources */,
				3F3D24171959BC31005B643C /* SignInViewController.m in Sources */,
				3F1AF6A019589DC700FED476 /* UIView+AutoLayout.m in Sources */,
				5C573F10199ABD7A00F4AF3A /* NSManagedObjectContext+MagicalRecord.m in Sources */,
				3F7BE7B9195CBD43004C8006 /* DayScrollView.m in Sources */,
				3FB313D01955F565001B397E /* main.m in Sources */,
				5C573F0D199ABD7A00F4AF3A /* NSManagedObject+MagicalRecord.m in Sources */,
				3F1AF6A31958BFCD00FED476 /* Tester.m in Sources */,
				5C573F16199ABD7A00F4AF3A /* MagicalRecord+Actions.m in Sources */,
				3FB8C610195A15CB0043995D /* PeriodOld.m in Sources */,
				3FC0EE0C195B6BEC00BDEF33 /* PeriodTableViewCell.m in Sources */,
				5C573F0C199ABD7A00F4AF3A /* NSManagedObject+MagicalFinders.m in Sources */,
				3F1AF6971958809000FED476 /* Group.m in Sources */,
			);
			runOnlyForDeploymentPostprocessing = 0;
		};
		3FB313E01955F565001B397E /* Sources */ = {
			isa = PBXSourcesBuildPhase;
			buildActionMask = 2147483647;
			files = (
				3FB313F21955F565001B397E /* Kimball_Union_Academy_PlanbookTests.m in Sources */,
			);
			runOnlyForDeploymentPostprocessing = 0;
		};
/* End PBXSourcesBuildPhase section */

/* Begin PBXTargetDependency section */
		3FB313EA1955F565001B397E /* PBXTargetDependency */ = {
			isa = PBXTargetDependency;
			target = 3FB313BF1955F565001B397E /* Kimball Union Academy Planbook */;
			targetProxy = 3FB313E91955F565001B397E /* PBXContainerItemProxy */;
		};
/* End PBXTargetDependency section */

/* Begin PBXVariantGroup section */
		3FB313CC1955F565001B397E /* InfoPlist.strings */ = {
			isa = PBXVariantGroup;
			children = (
				3FB313CD1955F565001B397E /* en */,
			);
			name = InfoPlist.strings;
			sourceTree = "<group>";
		};
		3FB313D81955F565001B397E /* Main_iPad.storyboard */ = {
			isa = PBXVariantGroup;
			children = (
				3FB313D91955F565001B397E /* Base */,
			);
			name = Main_iPad.storyboard;
			sourceTree = "<group>";
		};
		3FB313EE1955F565001B397E /* InfoPlist.strings */ = {
			isa = PBXVariantGroup;
			children = (
				3FB313EF1955F565001B397E /* en */,
			);
			name = InfoPlist.strings;
			sourceTree = "<group>";
		};
/* End PBXVariantGroup section */

/* Begin XCBuildConfiguration section */
		3FB313F31955F565001B397E /* Debug */ = {
			isa = XCBuildConfiguration;
			buildSettings = {
				ALWAYS_SEARCH_USER_PATHS = NO;
				CLANG_CXX_LANGUAGE_STANDARD = "gnu++0x";
				CLANG_CXX_LIBRARY = "libc++";
				CLANG_ENABLE_MODULES = YES;
				CLANG_ENABLE_OBJC_ARC = YES;
				CLANG_WARN_BOOL_CONVERSION = YES;
				CLANG_WARN_CONSTANT_CONVERSION = YES;
				CLANG_WARN_DIRECT_OBJC_ISA_USAGE = YES_ERROR;
				CLANG_WARN_EMPTY_BODY = YES;
				CLANG_WARN_ENUM_CONVERSION = YES;
				CLANG_WARN_INT_CONVERSION = YES;
				CLANG_WARN_OBJC_ROOT_CLASS = YES_ERROR;
				CLANG_WARN__DUPLICATE_METHOD_MATCH = YES;
				"CODE_SIGN_IDENTITY[sdk=iphoneos*]" = "iPhone Developer";
				COPY_PHASE_STRIP = NO;
				GCC_C_LANGUAGE_STANDARD = gnu99;
				GCC_DYNAMIC_NO_PIC = NO;
				GCC_OPTIMIZATION_LEVEL = 0;
				GCC_PREPROCESSOR_DEFINITIONS = (
					"DEBUG=1",
					"$(inherited)",
				);
				GCC_SYMBOLS_PRIVATE_EXTERN = NO;
				GCC_WARN_64_TO_32_BIT_CONVERSION = YES;
				GCC_WARN_ABOUT_RETURN_TYPE = YES_ERROR;
				GCC_WARN_UNDECLARED_SELECTOR = YES;
				GCC_WARN_UNINITIALIZED_AUTOS = YES_AGGRESSIVE;
				GCC_WARN_UNUSED_FUNCTION = YES;
				GCC_WARN_UNUSED_VARIABLE = YES;
				IPHONEOS_DEPLOYMENT_TARGET = 7.1;
				ONLY_ACTIVE_ARCH = YES;
				SDKROOT = iphoneos;
				TARGETED_DEVICE_FAMILY = "1,2";
			};
			name = Debug;
		};
		3FB313F41955F565001B397E /* Release */ = {
			isa = XCBuildConfiguration;
			buildSettings = {
				ALWAYS_SEARCH_USER_PATHS = NO;
				CLANG_CXX_LANGUAGE_STANDARD = "gnu++0x";
				CLANG_CXX_LIBRARY = "libc++";
				CLANG_ENABLE_MODULES = YES;
				CLANG_ENABLE_OBJC_ARC = YES;
				CLANG_WARN_BOOL_CONVERSION = YES;
				CLANG_WARN_CONSTANT_CONVERSION = YES;
				CLANG_WARN_DIRECT_OBJC_ISA_USAGE = YES_ERROR;
				CLANG_WARN_EMPTY_BODY = YES;
				CLANG_WARN_ENUM_CONVERSION = YES;
				CLANG_WARN_INT_CONVERSION = YES;
				CLANG_WARN_OBJC_ROOT_CLASS = YES_ERROR;
				CLANG_WARN__DUPLICATE_METHOD_MATCH = YES;
				"CODE_SIGN_IDENTITY[sdk=iphoneos*]" = "iPhone Developer";
				COPY_PHASE_STRIP = YES;
				ENABLE_NS_ASSERTIONS = NO;
				GCC_C_LANGUAGE_STANDARD = gnu99;
				GCC_WARN_64_TO_32_BIT_CONVERSION = YES;
				GCC_WARN_ABOUT_RETURN_TYPE = YES_ERROR;
				GCC_WARN_UNDECLARED_SELECTOR = YES;
				GCC_WARN_UNINITIALIZED_AUTOS = YES_AGGRESSIVE;
				GCC_WARN_UNUSED_FUNCTION = YES;
				GCC_WARN_UNUSED_VARIABLE = YES;
				IPHONEOS_DEPLOYMENT_TARGET = 7.1;
				SDKROOT = iphoneos;
				TARGETED_DEVICE_FAMILY = "1,2";
				VALIDATE_PRODUCT = YES;
			};
			name = Release;
		};
		3FB313F61955F565001B397E /* Debug */ = {
			isa = XCBuildConfiguration;
			buildSettings = {
				ASSETCATALOG_COMPILER_APPICON_NAME = AppIcon;
				ASSETCATALOG_COMPILER_LAUNCHIMAGE_NAME = LaunchImage;
				CODE_SIGN_IDENTITY = "iPhone Developer";
				"CODE_SIGN_IDENTITY[sdk=iphoneos*]" = "iPhone Developer";
				FRAMEWORK_SEARCH_PATHS = (
					"$(inherited)",
					"$(PROJECT_DIR)",
				);
				GCC_PRECOMPILE_PREFIX_HEADER = YES;
				GCC_PREFIX_HEADER = "Kimball Union Academy Planbook/Kimball Union Academy Planbook-Prefix.pch";
				INFOPLIST_FILE = "Kimball Union Academy Planbook/Kimball Union Academy Planbook-Info.plist";
				PRODUCT_NAME = "$(TARGET_NAME)";
				PROVISIONING_PROFILE = "";
				WRAPPER_EXTENSION = app;
			};
			name = Debug;
		};
		3FB313F71955F565001B397E /* Release */ = {
			isa = XCBuildConfiguration;
			buildSettings = {
				ASSETCATALOG_COMPILER_APPICON_NAME = AppIcon;
				ASSETCATALOG_COMPILER_LAUNCHIMAGE_NAME = LaunchImage;
				CODE_SIGN_IDENTITY = "iPhone Developer";
				"CODE_SIGN_IDENTITY[sdk=iphoneos*]" = "iPhone Developer";
				FRAMEWORK_SEARCH_PATHS = (
					"$(inherited)",
					"$(PROJECT_DIR)",
				);
				GCC_PRECOMPILE_PREFIX_HEADER = YES;
				GCC_PREFIX_HEADER = "Kimball Union Academy Planbook/Kimball Union Academy Planbook-Prefix.pch";
				INFOPLIST_FILE = "Kimball Union Academy Planbook/Kimball Union Academy Planbook-Info.plist";
				PRODUCT_NAME = "$(TARGET_NAME)";
				PROVISIONING_PROFILE = "";
				WRAPPER_EXTENSION = app;
			};
			name = Release;
		};
		3FB313F91955F565001B397E /* Debug */ = {
			isa = XCBuildConfiguration;
			buildSettings = {
				BUNDLE_LOADER = "$(BUILT_PRODUCTS_DIR)/Kimball Union Academy Planbook.app/Kimball Union Academy Planbook";
				FRAMEWORK_SEARCH_PATHS = (
					"$(SDKROOT)/Developer/Library/Frameworks",
					"$(inherited)",
					"$(DEVELOPER_FRAMEWORKS_DIR)",
				);
				GCC_PRECOMPILE_PREFIX_HEADER = YES;
				GCC_PREFIX_HEADER = "Kimball Union Academy Planbook/Kimball Union Academy Planbook-Prefix.pch";
				GCC_PREPROCESSOR_DEFINITIONS = (
					"DEBUG=1",
					"$(inherited)",
				);
				INFOPLIST_FILE = "Kimball Union Academy PlanbookTests/Kimball Union Academy PlanbookTests-Info.plist";
				PRODUCT_NAME = "$(TARGET_NAME)";
				TEST_HOST = "$(BUNDLE_LOADER)";
				WRAPPER_EXTENSION = xctest;
			};
			name = Debug;
		};
		3FB313FA1955F565001B397E /* Release */ = {
			isa = XCBuildConfiguration;
			buildSettings = {
				BUNDLE_LOADER = "$(BUILT_PRODUCTS_DIR)/Kimball Union Academy Planbook.app/Kimball Union Academy Planbook";
				FRAMEWORK_SEARCH_PATHS = (
					"$(SDKROOT)/Developer/Library/Frameworks",
					"$(inherited)",
					"$(DEVELOPER_FRAMEWORKS_DIR)",
				);
				GCC_PRECOMPILE_PREFIX_HEADER = YES;
				GCC_PREFIX_HEADER = "Kimball Union Academy Planbook/Kimball Union Academy Planbook-Prefix.pch";
				INFOPLIST_FILE = "Kimball Union Academy PlanbookTests/Kimball Union Academy PlanbookTests-Info.plist";
				PRODUCT_NAME = "$(TARGET_NAME)";
				TEST_HOST = "$(BUNDLE_LOADER)";
				WRAPPER_EXTENSION = xctest;
			};
			name = Release;
		};
/* End XCBuildConfiguration section */

/* Begin XCConfigurationList section */
		3FB313BB1955F565001B397E /* Build configuration list for PBXProject "Kimball Union Academy Planbook" */ = {
			isa = XCConfigurationList;
			buildConfigurations = (
				3FB313F31955F565001B397E /* Debug */,
				3FB313F41955F565001B397E /* Release */,
			);
			defaultConfigurationIsVisible = 0;
			defaultConfigurationName = Release;
		};
		3FB313F51955F565001B397E /* Build configuration list for PBXNativeTarget "Kimball Union Academy Planbook" */ = {
			isa = XCConfigurationList;
			buildConfigurations = (
				3FB313F61955F565001B397E /* Debug */,
				3FB313F71955F565001B397E /* Release */,
			);
			defaultConfigurationIsVisible = 0;
			defaultConfigurationName = Release;
		};
		3FB313F81955F565001B397E /* Build configuration list for PBXNativeTarget "Kimball Union Academy PlanbookTests" */ = {
			isa = XCConfigurationList;
			buildConfigurations = (
				3FB313F91955F565001B397E /* Debug */,
				3FB313FA1955F565001B397E /* Release */,
			);
			defaultConfigurationIsVisible = 0;
			defaultConfigurationName = Release;
		};
/* End XCConfigurationList section */

/* Begin XCVersionGroup section */
		5CA1DA1F199029FC000BB7BC /* Day Model.xcdatamodeld */ = {
			isa = XCVersionGroup;
			children = (
				5CA1DA20199029FC000BB7BC /* Day Model.xcdatamodel */,
			);
			currentVersion = 5CA1DA20199029FC000BB7BC /* Day Model.xcdatamodel */;
			name = "Day Model.xcdatamodeld";
			path = "Kimball Union Academy Planbook/Day Model.xcdatamodeld";
			sourceTree = "<group>";
			versionGroupType = wrapper.xcdatamodel;
		};
/* End XCVersionGroup section */
	};
	rootObject = 3FB313B81955F565001B397E /* Project object */;
}
